
Microsoft Visual Studio Solution File, Format Version 12.00
# Visual Studio Version 18
VisualStudioVersion = 18.0.11205.157
MinimumVisualStudioVersion = 10.0.40219.1
Project("{FAE04EC0-301F-11D3-BF4B-00C04F79EFBC}") = "EmuX_Nano", "EmuX\EmuX_Nano.csproj", "{5CF06762-B76D-46AF-A69E-63F7F4F61ECD}"
EndProject
Project("{FAE04EC0-301F-11D3-BF4B-00C04F79EFBC}") = "EmuXCoreUnitTests", "EmuXUnitTests\EmuXCoreUnitTests.csproj", "{5CD21144-78F0-45F1-891D-F65BE626887D}"
EndProject
Project("{FAE04EC0-301F-11D3-BF4B-00C04F79EFBC}") = "EmuXCore", "EmuXCore\EmuXCore.csproj", "{A461504A-6FF2-4B2E-808D-19BA5C20C3EE}"
EndProject
Project("{FAE04EC0-301F-11D3-BF4B-00C04F79EFBC}") = "EmuXUI", "EmuXUI\EmuXUI.csproj", "{50860BB8-86C0-4951-A389-12407C21D37B}"
EndProject
Global
	GlobalSection(SolutionConfigurationPlatforms) = preSolution
		Debug|Any CPU = Debug|Any CPU
		Release|Any CPU = Release|Any CPU
	EndGlobalSection
	GlobalSection(ProjectConfigurationPlatforms) = postSolution
		{5CF06762-B76D-46AF-A69E-63F7F4F61ECD}.Debug|Any CPU.ActiveCfg = Debug|Any CPU
		{5CF06762-B76D-46AF-A69E-63F7F4F61ECD}.Debug|Any CPU.Build.0 = Debug|Any CPU
		{5CF06762-B76D-46AF-A69E-63F7F4F61ECD}.Release|Any CPU.ActiveCfg = Release|Any CPU
		{5CF06762-B76D-46AF-A69E-63F7F4F61ECD}.Release|Any CPU.Build.0 = Release|Any CPU
		{5CD21144-78F0-45F1-891D-F65BE626887D}.Debug|Any CPU.ActiveCfg = Debug|Any CPU
		{5CD21144-78F0-45F1-891D-F65BE626887D}.Debug|Any CPU.Build.0 = Debug|Any CPU
		{5CD21144-78F0-45F1-891D-F65BE626887D}.Release|Any CPU.ActiveCfg = Release|Any CPU
		{5CD21144-78F0-45F1-891D-F65BE626887D}.Release|Any CPU.Build.0 = Release|Any CPU
		{A461504A-6FF2-4B2E-808D-19BA5C20C3EE}.Debug|Any CPU.ActiveCfg = Debug|Any CPU
		{A461504A-6FF2-4B2E-808D-19BA5C20C3EE}.Debug|Any CPU.Build.0 = Debug|Any CPU
		{A461504A-6FF2-4B2E-808D-19BA5C20C3EE}.Release|Any CPU.ActiveCfg = Release|Any CPU
		{A461504A-6FF2-4B2E-808D-19BA5C20C3EE}.Release|Any CPU.Build.0 = Release|Any CPU
		{50860BB8-86C0-4951-A389-12407C21D37B}.Debug|Any CPU.ActiveCfg = Debug|x64
		{50860BB8-86C0-4951-A389-12407C21D37B}.Debug|Any CPU.Build.0 = Debug|x64
		{50860BB8-86C0-4951-A389-12407C21D37B}.Debug|Any CPU.Deploy.0 = Debug|x64
		{50860BB8-86C0-4951-A389-12407C21D37B}.Release|Any CPU.ActiveCfg = Release|x64
		{50860BB8-86C0-4951-A389-12407C21D37B}.Release|Any CPU.Build.0 = Release|x64
		{50860BB8-86C0-4951-A389-12407C21D37B}.Release|Any CPU.Deploy.0 = Release|x64
	EndGlobalSection
	GlobalSection(SolutionProperties) = preSolution
		HideSolutionNode = FALSE
	EndGlobalSection
	GlobalSection(ExtensibilityGlobals) = postSolution
		SolutionGuid = {E15D8BE0-0881-4382-9392-0E7419D84770}
	EndGlobalSection
EndGlobal
